
Microsoft Visual Studio Solution File, Format Version 12.00
# Visual Studio 15
VisualStudioVersion = 15.0.26403.3
MinimumVisualStudioVersion = 10.0.40219.1
Project("{FAE04EC0-301F-11D3-BF4B-00C04F79EFBC}") = "ReportTest", "ReportTest\ReportTest.csproj", "{FAC4B3E2-D16B-4781-91F7-CFBB15F23728}"
EndProject
Project("{FAE04EC0-301F-11D3-BF4B-00C04F79EFBC}") = "DJO.Reporting", "DJO.Reporting\DJO.Reporting.csproj", "{80829EB2-18C2-475F-A851-7E67DDEE1D45}"
EndProject
Project("{FAE04EC0-301F-11D3-BF4B-00C04F79EFBC}") = "DJO.Reporting.Tests", "DJO.Reporting.Tests\DJO.Reporting.Tests.csproj", "{E77A3215-1ABF-445A-BED7-83890BC76298}"
EndProject
Global
	GlobalSection(SolutionConfigurationPlatforms) = preSolution
		Debug|Any CPU = Debug|Any CPU
		Release|Any CPU = Release|Any CPU
	EndGlobalSection
	GlobalSection(ProjectConfigurationPlatforms) = postSolution
		{FAC4B3E2-D16B-4781-91F7-CFBB15F23728}.Debug|Any CPU.ActiveCfg = Debug|Any CPU
		{FAC4B3E2-D16B-4781-91F7-CFBB15F23728}.Debug|Any CPU.Build.0 = Debug|Any CPU
		{FAC4B3E2-D16B-4781-91F7-CFBB15F23728}.Release|Any CPU.ActiveCfg = Release|Any CPU
		{FAC4B3E2-D16B-4781-91F7-CFBB15F23728}.Release|Any CPU.Build.0 = Release|Any CPU
		{80829EB2-18C2-475F-A851-7E67DDEE1D45}.Debug|Any CPU.ActiveCfg = Debug|Any CPU
		{80829EB2-18C2-475F-A851-7E67DDEE1D45}.Debug|Any CPU.Build.0 = Debug|Any CPU
		{80829EB2-18C2-475F-A851-7E67DDEE1D45}.Release|Any CPU.ActiveCfg = Release|Any CPU
		{80829EB2-18C2-475F-A851-7E67DDEE1D45}.Release|Any CPU.Build.0 = Release|Any CPU
		{E77A3215-1ABF-445A-BED7-83890BC76298}.Debug|Any CPU.ActiveCfg = Debug|Any CPU
		{E77A3215-1ABF-445A-BED7-83890BC76298}.Debug|Any CPU.Build.0 = Debug|Any CPU
		{E77A3215-1ABF-445A-BED7-83890BC76298}.Release|Any CPU.ActiveCfg = Release|Any CPU
		{E77A3215-1ABF-445A-BED7-83890BC76298}.Release|Any CPU.Build.0 = Release|Any CPU
	EndGlobalSection
	GlobalSection(SolutionProperties) = preSolution
		HideSolutionNode = FALSE
	EndGlobalSection
EndGlobal
